
Microsoft Visual Studio Solution File, Format Version 12.00
# Visual Studio Version 16
VisualStudioVersion = 16.0.31702.278
MinimumVisualStudioVersion = 10.0.40219.1
Project("{FAE04EC0-301F-11D3-BF4B-00C04F79EFBC}") = "Genericos", "Genericos\Genericos.csproj", "{35E05E43-995E-4BAD-B6D3-9FB63BE995C3}"
EndProject
Global
	GlobalSection(SolutionConfigurationPlatforms) = preSolution
		Debug|Any CPU = Debug|Any CPU
		Release|Any CPU = Release|Any CPU
	EndGlobalSection
	GlobalSection(ProjectConfigurationPlatforms) = postSolution
		{35E05E43-995E-4BAD-B6D3-9FB63BE995C3}.Debug|Any CPU.ActiveCfg = Debug|Any CPU
		{35E05E43-995E-4BAD-B6D3-9FB63BE995C3}.Debug|Any CPU.Build.0 = Debug|Any CPU
		{35E05E43-995E-4BAD-B6D3-9FB63BE995C3}.Release|Any CPU.ActiveCfg = Release|Any CPU
		{35E05E43-995E-4BAD-B6D3-9FB63BE995C3}.Release|Any CPU.Build.0 = Release|Any CPU
	EndGlobalSection
	GlobalSection(SolutionProperties) = preSolution
		HideSolutionNode = FALSE
	EndGlobalSection
	GlobalSection(ExtensibilityGlobals) = postSolution
		SolutionGuid = {49D14490-E9AD-43E7-BA20-8D8D86EDFE1B}
	EndGlobalSection
EndGlobal
